hash: 5e43fcf0414f763bf225c903dbb2a4b5617f8e5bd447c619e9373ff65a966f84
updated: 2018-02-07T17:06:34.181302+02:00
imports:
- name: github.com/chzyer/readline
  version: 62c6fe6193755f722b8b8788aa7357be55a50ff1
- name: github.com/cihub/seelog
  version: d2c6e5aa9fbfdd1c624e140287063c7730654115
- name: github.com/ethereum/go-ethereum
  version: 4bb3c89d44e372e6a9ab85a8be0c9345265c763a
  subpackages:
  - accounts
- name: github.com/julienschmidt/httprouter
  version: 8c199fb6259ffc1af525cc3ad52ee60ba8359669
- name: github.com/mitchellh/go-homedir
  version: b8bc1bf767474819792c23f32d8286a45736f1c6
- name: github.com/nats-io/go-nats
  version: d66cb54e6b7bdd93f0b28afc8450d84c780dfb68
- name: github.com/oschwald/geoip2-golang
  version: 5b1dc16861f81d05d9836bb21c2d0d65282fc0b8
- name: github.com/oschwald/maxminddb-golang
  version: 8727e98aa1b91610eb184ed1ab615943b8d9deb0
- name: github.com/satori/go.uuid
  version: f58768cc1a7a7e77a3bd49e98cdd21419399b6a3
testImports:
- name: github.com/golang/lint
  version: ""
  subpackages:
  - golint
- name: github.com/stretchr/testify
  version: ""
  subpackages:
  - assert
  - suite
