# This file is autogenerated, do not edit; changes may be undone by the next 'dep ensure'.


[[projects]]
  digest = "1:7d191fd0c54ff370eaf6116a14dafe2a328df487baea280699f597aae858d00d"
  name = "github.com/aristanetworks/goarista"
  packages = ["monotime"]
  pruneopts = "UT"
  revision = "70ad3c3262ada0444973f3f02e4a8339319236b3"

[[projects]]
  digest = "1:e2a1ff1174d564ed4b75a62757f4a9081ed3b8c99ed17e47eb252b048b4ff018"
  name = "github.com/asaskevich/EventBus"
  packages = ["."]
  pruneopts = "UT"
  revision = "d46933a94f05c6657d7b923fcf5ac563ee37ec79"

[[projects]]
  digest = "1:97f8392a94d45a67691bfc224ee4365a83864467ca5a04bd5017be293e1b4391"
  name = "github.com/asdine/storm"
  packages = [
    ".",
    "codec",
    "codec/json",
    "index",
    "internal",
    "q",
  ]
  pruneopts = "UT"
  revision = "5a6fe65e3993f63951c8e3f64c812536c9e23595"
  version = "v2.1.2"

[[projects]]
  digest = "1:2c00f064ba355903866cbfbf3f7f4c0fe64af6638cc7d1b8bdcf3181bc67f1d8"
  name = "github.com/btcsuite/btcd"
  packages = ["btcec"]
  pruneopts = "UT"
  revision = "f899737d7f2764dc13e4d01ff00108ec58f766a9"

[[projects]]
  digest = "1:e04c00d619875ce5fa67180891984a9b1fadcc031af36bcd7a3509cbdad1df15"
  name = "github.com/cheggaaa/pb"
  packages = ["."]
  pruneopts = "UT"
  revision = "c112833d014c77e8bde723fd0158e3156951639f"
  version = "v2.0.6"

[[projects]]
  digest = "1:454adc7f974228ff789428b6dc098638c57a64aa0718f0bd61e53d3cd39d7a75"
  name = "github.com/chzyer/readline"
  packages = ["."]
  pruneopts = "UT"
  revision = "2972be24d48e78746da79ba8e24e8b488c9880de"

[[projects]]
  digest = "1:50e893a85575fa48dc4982a279e50e2fd8b74e4f7c587860c1e25c77083b8125"
  name = "github.com/cihub/seelog"
  packages = ["."]
  pruneopts = "UT"
  revision = "d2c6e5aa9fbfdd1c624e140287063c7730654115"
  version = "v2.6"

[[projects]]
  digest = "1:ffe9824d294da03b391f44e1ae8281281b4afc1bdaa9588c9097785e3af10cec"
  name = "github.com/davecgh/go-spew"
  packages = ["spew"]
  pruneopts = "UT"
  revision = "8991bc29aa16c548c550c7ff78260e27b9ab7c73"
  version = "v1.1.1"

[[projects]]
  branch = "master"
  digest = "1:1aeb4854a1c278e842712cd6684f48d595cbdd7839655d37a77248efa08c9fc0"
  name = "github.com/deckarep/golang-set"
  packages = ["."]
  pruneopts = "UT"
  revision = "504e848d77ea4752b3057b8fb46da0e7f746ccf3"

[[projects]]
  digest = "1:edb569dd02419a41ddd98768cc0e7aec922ef19dae139731e5ca750afcf6f4c5"
  name = "github.com/edsrzf/mmap-go"
  packages = ["."]
  pruneopts = "UT"
  revision = "188cc3b666ba704534fa4f96e9e61f21f1e1ba7c"
  version = "v1.0.0"

[[projects]]
  digest = "1:d670c508dc01984c721d0d968936412e3edcd8ca58caf82fcfd0df9044013a0f"
  name = "github.com/ethereum/go-ethereum"
  packages = [
    ".",
    "accounts",
    "accounts/abi",
    "accounts/abi/bind",
    "accounts/abi/bind/backends",
    "accounts/keystore",
    "common",
    "common/bitutil",
    "common/hexutil",
    "common/math",
    "common/mclock",
    "consensus",
    "consensus/ethash",
    "consensus/misc",
    "core",
    "core/bloombits",
    "core/rawdb",
    "core/state",
    "core/types",
    "core/vm",
    "crypto",
    "crypto/bn256",
    "crypto/bn256/cloudflare",
    "crypto/bn256/google",
    "crypto/secp256k1",
    "crypto/sha3",
    "eth/filters",
    "ethclient",
    "ethdb",
    "event",
    "log",
    "metrics",
    "p2p/nat",
    "p2p/netutil",
    "params",
    "rlp",
    "rpc",
    "trie",
  ]
  pruneopts = "T"
  revision = "316fc7ecfc10d06603f1358c1f4c1020ec36dd2a"
  version = "v1.8.14"

[[projects]]
  digest = "1:c4a2528ccbcabf90f9f3c464a5fc9e302d592861bbfd0b7135a7de8a943d0406"
  name = "github.com/go-stack/stack"
  packages = ["."]
  pruneopts = "UT"
  revision = "259ab82a6cad3992b4e21ff5cac294ccb06474bc"
  version = "v1.7.0"

[[projects]]
  digest = "1:ce579162ae1341f3e5ab30c0dce767f28b1eb6a81359aad01723f1ba6b4becdf"
  name = "github.com/gofrs/uuid"
  packages = ["."]
  pruneopts = "UT"
  revision = "370558f003bfe29580cd0f698d8640daccdcc45c"
  version = "v3.1.1"

[[projects]]
  branch = "master"
  digest = "1:4a0c6bb4805508a6287675fac876be2ac1182539ca8a32468d8128882e9d5009"
  name = "github.com/golang/snappy"
  packages = ["."]
  pruneopts = "UT"
  revision = "2e65f85255dbc3072edf28d6b5b8efc472979f5a"

[[projects]]
  digest = "1:8ec8d88c248041a6df5f6574b87bc00e7e0b493881dad2e7ef47b11dc69093b5"
  name = "github.com/hashicorp/golang-lru"
  packages = [
    ".",
    "simplelru",
  ]
  pruneopts = "UT"
  revision = "20f1fb78b0740ba8c3cb143a61e86ba5c8669768"
  version = "v0.5.0"

[[projects]]
  digest = "1:c00cc6d95a674b4b923ac069d364445043bc67836e9bd8aeff8440cfbe6a2cc7"
  name = "github.com/huin/goupnp"
  packages = [
    ".",
    "dcps/internetgateway1",
    "dcps/internetgateway2",
    "httpu",
    "scpd",
    "soap",
    "ssdp",
  ]
  pruneopts = "UT"
  revision = "656e61dfadd241c7cbdd22a023fa81ecb6860ea8"
  version = "v1.0.0"

[[projects]]
  digest = "1:b352ae8b1a77cc6b48fc8e314e34a522cfc76d6ca3a06c93b29c9cde5de6771e"
  name = "github.com/jackpal/gateway"
  packages = ["."]
  pruneopts = "UT"
  revision = "cbcf4e3f3baee7952fc386c8b2534af4d267c875"
  version = "v1.0.5"

[[projects]]
  digest = "1:32b82e71cf24f8b78323e0d7903c4b90278486283965aa2a19b1ea13763b8f34"
  name = "github.com/jackpal/go-nat-pmp"
  packages = ["."]
  pruneopts = "UT"
  revision = "c9cfead9f2a36ddf3daa40ba269aa7f4bbba6b62"
  version = "v1.0.1"

[[projects]]
  digest = "1:ccfa094742ce1c97fd3f6481e1bf98f3d9862510eee2bc0eb56e2745396bd330"
  name = "github.com/julienschmidt/httprouter"
  packages = ["."]
  pruneopts = "UT"
  revision = "8c199fb6259ffc1af525cc3ad52ee60ba8359669"
  version = "v1.1"

[[projects]]
  digest = "1:c658e84ad3916da105a761660dcaeb01e63416c8ec7bc62256a9b411a05fcd67"
  name = "github.com/mattn/go-colorable"
  packages = ["."]
  pruneopts = "UT"
  revision = "167de6bfdfba052fa6b2d3664c8f5272e23c9072"
  version = "v0.0.9"

[[projects]]
  digest = "1:d4d17353dbd05cb52a2a52b7fe1771883b682806f68db442b436294926bbfafb"
  name = "github.com/mattn/go-isatty"
  packages = ["."]
  pruneopts = "UT"
  revision = "0360b2af4f38e8d38c7fce2a9f4e702702d73a39"
  version = "v0.0.3"

[[projects]]
  branch = "master"
  digest = "1:d6664486d8cf8f3053e34f388a5a17b5ca210ed2e25eb3a0d59cc3a95c31abb8"
  name = "github.com/mdlayher/genetlink"
  packages = ["."]
  pruneopts = "UT"
  revision = "e97704c1b7955246e3c4f6d9746a7b45ff3c5a26"

[[projects]]
  branch = "master"
  digest = "1:5752b16f826da12e814b5af1012ad8802731f85b2e397d3d3f36b02e5aabdb81"
  name = "github.com/mdlayher/netlink"
  packages = [
    ".",
    "nlenc",
  ]
  pruneopts = "UT"
  revision = "2e37830c371e54b400461538ef95dae4d2d3279b"

[[projects]]
  digest = "1:29f3af6f3b46bccbd6994c01053eebebb84b5ec2cf8e8d06ed705f4cfa643e5a"
  name = "github.com/mdlayher/wireguardctrl"
  packages = [
    ".",
    "internal/wgnl",
    "internal/wgnl/internal/wgh",
    "internal/wguser",
    "wgtypes",
  ]
  pruneopts = "UT"
  revision = "15a089393cc3b891b2181cd738347dc568a0b4b0"

[[projects]]
  digest = "1:c7354463195544b1ab3c1f1fadb41430947f5d28dfbf2cdbd38268c5717a5a03"
  name = "github.com/mitchellh/go-homedir"
  packages = ["."]
  pruneopts = "UT"
  revision = "58046073cbffe2f25d425fe1331102f55cf719de"

[[projects]]
  digest = "1:5e86f34a21001d9724849852d24a1a95b3e838c46522cd1725a19933690da8d7"
  name = "github.com/mysteriumnetwork/go-openvpn"
  packages = [
    "openvpn",
    "openvpn/config",
    "openvpn/management",
    "openvpn/middlewares/client/auth",
    "openvpn/middlewares/client/bytescount",
    "openvpn/middlewares/server/auth",
    "openvpn/middlewares/state",
    "openvpn/tls",
    "openvpn/tunnel",
    "openvpn3",
  ]
  pruneopts = "T"
  revision = "73afdde861d9d7c0f083f139ffcdacd14900b740"
  version = "0.0.12"

[[projects]]
  digest = "1:9524f4ecf45b24711abcced1567e456a430de28bb649727be1dd6032e8b89b13"
  name = "github.com/mysteriumnetwork/payments"
  packages = [
    "cli/helpers",
    "contracts/abigen",
    "identity",
    "mysttoken",
    "promises",
    "registry",
    "test_utils",
  ]
  pruneopts = "T"
  revision = "b92116b8fe468219d5676d68c78d68e1a5f94120"
  version = "v0.0.8-experimental"

[[projects]]
  digest = "1:fef11ce7bad787dad351a3f7da701223dbbcec519877152d18228ef9c2c28b71"
  name = "github.com/mysteriumnetwork/wireguard-go"
  packages = [
    "device",
    "ratelimiter",
    "replay",
    "rwcancel",
    "tai64n",
    "tun",
    "xchacha20poly1305",
  ]
  pruneopts = "UT"
  revision = "c8073c70e944fe656f5854b347e2e2687356043b"

[[projects]]
  digest = "1:0923946dc9acc1aeb0cdee47c1bf85cb7662562ecb2ddae1f73bbd34c322ecfe"
  name = "github.com/nats-io/go-nats"
  packages = [
    ".",
    "encoders/builtin",
    "util",
  ]
  pruneopts = "UT"
  revision = "d66cb54e6b7bdd93f0b28afc8450d84c780dfb68"
  version = "v1.4.0"

[[projects]]
  branch = "master"
  digest = "1:2156abec4001b86d4163980b5391269ce16b8a42e0df1e931c72471a502c0ff5"
  name = "github.com/nats-io/nuid"
  packages = ["."]
  pruneopts = "UT"
  revision = "3024a71c3cbe30667286099921591e6fcc328230"

[[projects]]
  digest = "1:e88d6836f8adbe7e9c08e08527ec4a5337436a63e06718e023fbd9c63cda976b"
  name = "github.com/oschwald/geoip2-golang"
  packages = ["."]
  pruneopts = "UT"
  revision = "5b1dc16861f81d05d9836bb21c2d0d65282fc0b8"
  version = "v1.1.0"

[[projects]]
  digest = "1:250d1774247f7b89b8d69f998e567be5a681ef76b3bb78f236fff4d1232fdf70"
  name = "github.com/oschwald/maxminddb-golang"
  packages = ["."]
  pruneopts = "UT"
  revision = "8727e98aa1b91610eb184ed1ab615943b8d9deb0"
  version = "v1.2.1"

[[projects]]
  branch = "master"
  digest = "1:8aa28c7fb16a7b9afb08568f21f06aa869f18e3637f6f024413e45c2e211072b"
  name = "github.com/pborman/uuid"
  packages = ["."]
  pruneopts = "UT"
  revision = "c65b2f87fee37d1c7854c9164a450713c28d50cd"

[[projects]]
  digest = "1:cf31692c14422fa27c83a05292eb5cbe0fb2775972e8f1f8446a71549bd8980b"
  name = "github.com/pkg/errors"
  packages = ["."]
  pruneopts = "UT"
  revision = "ba968bfe8b2f7e042a574c888954fccecfa385b4"
  version = "v0.8.1"

[[projects]]
  digest = "1:0028cb19b2e4c3112225cd871870f2d9cf49b9b4276531f03438a88e94be86fe"
  name = "github.com/pmezard/go-difflib"
  packages = ["difflib"]
  pruneopts = "UT"
  revision = "792786c7400a136282c1664665ae0a8db921c6c2"
  version = "v1.0.0"

[[projects]]
  branch = "master"
  digest = "1:0e7708c7ab04e5f4f93f639ef54b1389e9424c6519a8ff29eaf1ba629098c431"
  name = "github.com/rjeczalik/notify"
  packages = ["."]
  pruneopts = "UT"
  revision = "4e54e7fd043e865c50bda93359fb78813a8d165b"

[[projects]]
  branch = "master"
  digest = "1:d22e03adee40952275841c7d8a680c7f8cf9ceae2ec3d454d830c3ec03f0d099"
  name = "github.com/rs/cors"
  packages = ["."]
  pruneopts = "UT"
  revision = "15587285ef6b6e7a3f657e2e00f9f271883bcf22"

[[projects]]
  digest = "1:b30ae084771993f574cd6416fd83352f48de2b873d51bc938b6d259fca3605a5"
  name = "github.com/songgao/water"
  packages = ["."]
  pruneopts = "UT"
  revision = "f6122f5b2fbd92ace9b2819f0be4148be5690a1f"

[[projects]]
  digest = "1:5110e3d4f130772fd39e6ce8208ad1955b242ccfcc8ad9d158857250579c82f4"
  name = "github.com/stretchr/testify"
  packages = [
    "assert",
    "require",
    "suite",
  ]
  pruneopts = "UT"
  revision = "f35b8ab0b5a2cef36673838d662e249dd9c94686"
  version = "v1.2.2"

[[projects]]
  digest = "1:b3cfb8d82b1601a846417c3f31c03a7961862cb2c98dcf0959c473843e6d9a2b"
  name = "github.com/syndtr/goleveldb"
  packages = [
    "leveldb",
    "leveldb/cache",
    "leveldb/comparer",
    "leveldb/errors",
    "leveldb/filter",
    "leveldb/iterator",
    "leveldb/journal",
    "leveldb/memdb",
    "leveldb/opt",
    "leveldb/storage",
    "leveldb/table",
    "leveldb/util",
  ]
  pruneopts = "UT"
  revision = "c4c61651e9e37fa117f53c5a906d3b63090d8445"

[[projects]]
  digest = "1:b24d38b282bacf9791408a080f606370efa3d364e4b5fd9ba0f7b87786d3b679"
  name = "github.com/urfave/cli"
  packages = ["."]
  pruneopts = "UT"
  revision = "cfb38830724cc34fedffe9a2a29fb54fa9169cd1"
  version = "v1.20.0"

[[projects]]
  digest = "1:c28625428387b63dd7154eb857f51e700465cfbf7c06f619e71f2da33cefe47e"
  name = "go.etcd.io/bbolt"
  packages = ["."]
  pruneopts = "UT"
  revision = "583e8937c61f1af6513608ccc75c97b6abdf4ff9"
  version = "v1.3.0"

[[projects]]
  digest = "1:4071d9e8724146d99c9feaa5c74a1d113ff4df76b4bb769ce2d41719999cb684"
  name = "golang.org/x/crypto"
  packages = [
    "blake2s",
    "chacha20poly1305",
    "curve25519",
    "internal/chacha20",
    "internal/subtle",
    "pbkdf2",
    "poly1305",
    "ripemd160",
    "scrypt",
  ]
  pruneopts = "UT"
  revision = "de0752318171da717af4ce24d0a2e8626afaeb11"

[[projects]]
  branch = "release-branch.go1.11"
  digest = "1:7545d2e03cb4691b887fa2f1666ec3d757ffbf6adf8f8413a9ea96dd84808327"
  name = "golang.org/x/net"
  packages = [
    "bpf",
    "html",
    "html/atom",
    "html/charset",
    "internal/iana",
    "internal/socket",
    "ipv4",
    "ipv6",
    "websocket",
  ]
  pruneopts = "UT"
  revision = "c39426892332e1bb5ec0a434a079bf82f5d30c54"

[[projects]]
  branch = "release-branch.go1.11"
  digest = "1:95eb3c3a4aeb757c723d0133273f47d2f93fb78c4963e343df6bf052a3d290b8"
  name = "golang.org/x/sys"
  packages = [
    "cpu",
    "unix",
    "windows",
    "windows/registry",
  ]
  pruneopts = "UT"
  revision = "98c5dad5d1a0e8a73845ecc8897d0bd56586511d"

[[projects]]
  digest = "1:aa4d6967a3237f8367b6bf91503964a77183ecf696f1273e8ad3551bb4412b5f"
  name = "golang.org/x/text"
  packages = [
    "encoding",
    "encoding/charmap",
    "encoding/htmlindex",
    "encoding/internal",
    "encoding/internal/identifier",
    "encoding/japanese",
    "encoding/korean",
    "encoding/simplifiedchinese",
    "encoding/traditionalchinese",
    "encoding/unicode",
    "internal/gen",
    "internal/tag",
    "internal/utf8internal",
    "language",
    "runes",
    "transform",
    "unicode/cldr",
  ]
  pruneopts = "UT"
  revision = "f21a4dfb5e38f5895301dc265a8def02365cc3d0"
  version = "v0.3.0"

[[projects]]
  digest = "1:a05bd2d296bc727082abcb63ff52615b4dcc6219d8b61e99fd83d605dc779a18"
  name = "golang.org/x/tools"
  packages = [
    "go/ast/astutil",
    "imports",
    "internal/fastwalk",
  ]
  pruneopts = "UT"
  revision = "27709f6afec43b6c6d899bd199bf0f39c731216c"

[[projects]]
  digest = "1:e626376fab8608a972d47e91b3c1bbbddaecaf1d42b82be6dcc52d10a7557893"
  name = "gopkg.in/VividCortex/ewma.v1"
  packages = ["."]
  pruneopts = "UT"
  revision = "b24eb346a94c3ba12c1da1e564dbac1b498a77ce"
  version = "v1.1.1"

[[projects]]
  digest = "1:256938e7d43c73bd5e7bb97dd281d1ebe294b2928403ee1fbec96249915d1150"
  name = "gopkg.in/cheggaaa/pb.v2"
  packages = ["termutil"]
  pruneopts = "UT"
  revision = "c112833d014c77e8bde723fd0158e3156951639f"
  version = "v2.0.6"

[[projects]]
  digest = "1:865079840386857c809b72ce300be7580cb50d3d3129ce11bf9aa6ca2bc1934a"
  name = "gopkg.in/fatih/color.v1"
  packages = ["."]
  pruneopts = "UT"
  revision = "5b77d2a35fb0ede96d138fc9a99f5c9b6aef11b4"
  version = "v1.7.0"

[[projects]]
  branch = "v2"
  digest = "1:0a2f4b974a413866afa1b41130d756643841fb9ad661b81c9a6dd9f1364ed19f"
  name = "gopkg.in/karalabe/cookiejar.v2"
  packages = ["collections/prque"]
  pruneopts = "UT"
  revision = "8dcd6a7f4951f6ff3ee9cbb919a06d8925822e57"

[[projects]]
  digest = "1:c658e84ad3916da105a761660dcaeb01e63416c8ec7bc62256a9b411a05fcd67"
  name = "gopkg.in/mattn/go-colorable.v0"
  packages = ["."]
  pruneopts = "UT"
  revision = "167de6bfdfba052fa6b2d3664c8f5272e23c9072"
  version = "v0.0.9"

[[projects]]
  digest = "1:d4d17353dbd05cb52a2a52b7fe1771883b682806f68db442b436294926bbfafb"
  name = "gopkg.in/mattn/go-isatty.v0"
  packages = ["."]
  pruneopts = "UT"
  revision = "0360b2af4f38e8d38c7fce2a9f4e702702d73a39"
  version = "v0.0.3"

[[projects]]
  digest = "1:e2d1d410fb367567c2b53ed9e2d719d3c1f0891397bb2fa49afd747cfbf1e8e4"
  name = "gopkg.in/mattn/go-runewidth.v0"
  packages = ["."]
  pruneopts = "UT"
  revision = "9e777a8366cce605130a531d2cd6363d07ad7317"
  version = "v0.0.2"

[[projects]]
  branch = "v2"
  digest = "1:3d3f9391ab615be8655ae0d686a1564f3fec413979bb1aaf018bac1ec1bb1cc7"
  name = "gopkg.in/natefinch/npipe.v2"
  packages = ["."]
  pruneopts = "UT"
  revision = "c1b8fa8bdccecb0b8db834ee0b92fdbcfa606dd6"

[solve-meta]
  analyzer-name = "dep"
  analyzer-version = 1
  input-imports = [
    "github.com/asaskevich/EventBus",
    "github.com/asdine/storm",
    "github.com/chzyer/readline",
    "github.com/cihub/seelog",
    "github.com/ethereum/go-ethereum/accounts",
    "github.com/ethereum/go-ethereum/accounts/abi/bind",
    "github.com/ethereum/go-ethereum/accounts/keystore",
    "github.com/ethereum/go-ethereum/common",
    "github.com/ethereum/go-ethereum/common/hexutil",
    "github.com/ethereum/go-ethereum/core/types",
    "github.com/ethereum/go-ethereum/crypto",
    "github.com/ethereum/go-ethereum/ethclient",
    "github.com/ethereum/go-ethereum/p2p/nat",
    "github.com/ethereum/go-ethereum/params",
    "github.com/gofrs/uuid",
    "github.com/jackpal/gateway",
    "github.com/julienschmidt/httprouter",
    "github.com/mdlayher/wireguardctrl",
    "github.com/mdlayher/wireguardctrl/wgtypes",
    "github.com/mitchellh/go-homedir",
    "github.com/mysteriumnetwork/go-openvpn/openvpn",
    "github.com/mysteriumnetwork/go-openvpn/openvpn/config",
    "github.com/mysteriumnetwork/go-openvpn/openvpn/management",
    "github.com/mysteriumnetwork/go-openvpn/openvpn/middlewares/client/auth",
    "github.com/mysteriumnetwork/go-openvpn/openvpn/middlewares/client/bytescount",
    "github.com/mysteriumnetwork/go-openvpn/openvpn/middlewares/server/auth",
    "github.com/mysteriumnetwork/go-openvpn/openvpn/middlewares/state",
    "github.com/mysteriumnetwork/go-openvpn/openvpn/tls",
    "github.com/mysteriumnetwork/go-openvpn/openvpn3",
    "github.com/mysteriumnetwork/payments/cli/helpers",
    "github.com/mysteriumnetwork/payments/contracts/abigen",
    "github.com/mysteriumnetwork/payments/identity",
    "github.com/mysteriumnetwork/payments/mysttoken",
    "github.com/mysteriumnetwork/payments/promises",
    "github.com/mysteriumnetwork/payments/registry",
    "github.com/mysteriumnetwork/payments/test_utils",
    "github.com/mysteriumnetwork/wireguard-go/device",
    "github.com/mysteriumnetwork/wireguard-go/tun",
    "github.com/nats-io/go-nats",
    "github.com/oschwald/geoip2-golang",
    "github.com/pkg/errors",
    "github.com/songgao/water",
    "github.com/stretchr/testify/assert",
    "github.com/stretchr/testify/suite",
    "github.com/urfave/cli",
    "golang.org/x/crypto/curve25519",
  ]
  solver-name = "gps-cdcl"
  solver-version = 1
